{
  "object": {
    "pins": [
      {
        "package": "FirebladeUUID",
        "repositoryURL": "https://gitlab.com/fireblade/uuid.git",
        "state": {
          "branch": null,
          "revision": "02bf1fc278f1db3e6e32b4637f0aa7cb5ae13998",
          "version": "0.3.0"
        }
      }
    ]
  },
  "version": 1
}
